
Microsoft Visual Studio Solution File, Format Version 12.00
# Visual Studio 14
VisualStudioVersion = 14.0.25420.1
MinimumVisualStudioVersion = 10.0.40219.1
Project("{FAE04EC0-301F-11D3-BF4B-00C04F79EFBC}") = "PrigovorHR", "PrigovorHR\PrigovorHR\PrigovorHR.csproj", "{C4A93976-EA70-4C39-BE9D-3221532B6ADF}"
EndProject
Project("{FAE04EC0-301F-11D3-BF4B-00C04F79EFBC}") = "PrigovorHR.Droid", "PrigovorHR\PrigovorHR.Droid\PrigovorHR.Droid.csproj", "{A03DC8DD-E68B-418A-ACA0-E04B0C23B074}"
EndProject
Project("{FAE04EC0-301F-11D3-BF4B-00C04F79EFBC}") = "PrigovorHR.iOS", "PrigovorHR\PrigovorHR.iOS\PrigovorHR.iOS.csproj", "{15B7EDE2-ED88-408A-9BF1-856D648E1190}"
EndProject
Project("{FAE04EC0-301F-11D3-BF4B-00C04F79EFBC}") = "Complio.Droid", "PrigovorHR\Complio.Droid\Complio.Droid.csproj", "{FEAF3C8D-CA4C-4FD2-8225-43DC93445AB1}"
EndProject
Global
	GlobalSection(SolutionConfigurationPlatforms) = preSolution
		Ad-Hoc|Any CPU = Ad-Hoc|Any CPU
		Ad-Hoc|ARM = Ad-Hoc|ARM
		Ad-Hoc|iPhone = Ad-Hoc|iPhone
		Ad-Hoc|iPhoneSimulator = Ad-Hoc|iPhoneSimulator
		Ad-Hoc|x64 = Ad-Hoc|x64
		Ad-Hoc|x86 = Ad-Hoc|x86
		AppStore|Any CPU = AppStore|Any CPU
		AppStore|ARM = AppStore|ARM
		AppStore|iPhone = AppStore|iPhone
		AppStore|iPhoneSimulator = AppStore|iPhoneSimulator
		AppStore|x64 = AppStore|x64
		AppStore|x86 = AppStore|x86
		Debug|Any CPU = Debug|Any CPU
		Debug|ARM = Debug|ARM
		Debug|iPhone = Debug|iPhone
		Debug|iPhoneSimulator = Debug|iPhoneSimulator
		Debug|x64 = Debug|x64
		Debug|x86 = Debug|x86
		Release|Any CPU = Release|Any CPU
		Release|ARM = Release|ARM
		Release|iPhone = Release|iPhone
		Release|iPhoneSimulator = Release|iPhoneSimulator
		Release|x64 = Release|x64
		Release|x86 = Release|x86
	EndGlobalSection
	GlobalSection(ProjectConfigurationPlatforms) = postSolution
		{C4A93976-EA70-4C39-BE9D-3221532B6ADF}.Ad-Hoc|Any CPU.ActiveCfg = Release|Any CPU
		{C4A93976-EA70-4C39-BE9D-3221532B6ADF}.Ad-Hoc|Any CPU.Build.0 = Release|Any CPU
		{C4A93976-EA70-4C39-BE9D-3221532B6ADF}.Ad-Hoc|ARM.ActiveCfg = Release|Any CPU
		{C4A93976-EA70-4C39-BE9D-3221532B6ADF}.Ad-Hoc|ARM.Build.0 = Release|Any CPU
		{C4A93976-EA70-4C39-BE9D-3221532B6ADF}.Ad-Hoc|iPhone.ActiveCfg = Release|Any CPU
		{C4A93976-EA70-4C39-BE9D-3221532B6ADF}.Ad-Hoc|iPhone.Build.0 = Release|Any CPU
		{C4A93976-EA70-4C39-BE9D-3221532B6ADF}.Ad-Hoc|iPhoneSimulator.ActiveCfg = Release|Any CPU
		{C4A93976-EA70-4C39-BE9D-3221532B6ADF}.Ad-Hoc|iPhoneSimulator.Build.0 = Release|Any CPU
		{C4A93976-EA70-4C39-BE9D-3221532B6ADF}.Ad-Hoc|x64.ActiveCfg = Release|Any CPU
		{C4A93976-EA70-4C39-BE9D-3221532B6ADF}.Ad-Hoc|x64.Build.0 = Release|Any CPU
		{C4A93976-EA70-4C39-BE9D-3221532B6ADF}.Ad-Hoc|x86.ActiveCfg = Release|Any CPU
		{C4A93976-EA70-4C39-BE9D-3221532B6ADF}.Ad-Hoc|x86.Build.0 = Release|Any CPU
		{C4A93976-EA70-4C39-BE9D-3221532B6ADF}.AppStore|Any CPU.ActiveCfg = Release|Any CPU
		{C4A93976-EA70-4C39-BE9D-3221532B6ADF}.AppStore|Any CPU.Build.0 = Release|Any CPU
		{C4A93976-EA70-4C39-BE9D-3221532B6ADF}.AppStore|ARM.ActiveCfg = Release|Any CPU
		{C4A93976-EA70-4C39-BE9D-3221532B6ADF}.AppStore|ARM.Build.0 = Release|Any CPU
		{C4A93976-EA70-4C39-BE9D-3221532B6ADF}.AppStore|iPhone.ActiveCfg = Release|Any CPU
		{C4A93976-EA70-4C39-BE9D-3221532B6ADF}.AppStore|iPhone.Build.0 = Release|Any CPU
		{C4A93976-EA70-4C39-BE9D-3221532B6ADF}.AppStore|iPhoneSimulator.ActiveCfg = Release|Any CPU
		{C4A93976-EA70-4C39-BE9D-3221532B6ADF}.AppStore|iPhoneSimulator.Build.0 = Release|Any CPU
		{C4A93976-EA70-4C39-BE9D-3221532B6ADF}.AppStore|x64.ActiveCfg = Release|Any CPU
		{C4A93976-EA70-4C39-BE9D-3221532B6ADF}.AppStore|x64.Build.0 = Release|Any CPU
		{C4A93976-EA70-4C39-BE9D-3221532B6ADF}.AppStore|x86.ActiveCfg = Release|Any CPU
		{C4A93976-EA70-4C39-BE9D-3221532B6ADF}.AppStore|x86.Build.0 = Release|Any CPU
		{C4A93976-EA70-4C39-BE9D-3221532B6ADF}.Debug|Any CPU.ActiveCfg = Debug|Any CPU
		{C4A93976-EA70-4C39-BE9D-3221532B6ADF}.Debug|Any CPU.Build.0 = Debug|Any CPU
		{C4A93976-EA70-4C39-BE9D-3221532B6ADF}.Debug|ARM.ActiveCfg = Debug|Any CPU
		{C4A93976-EA70-4C39-BE9D-3221532B6ADF}.Debug|ARM.Build.0 = Debug|Any CPU
		{C4A93976-EA70-4C39-BE9D-3221532B6ADF}.Debug|iPhone.ActiveCfg = Debug|Any CPU
		{C4A93976-EA70-4C39-BE9D-3221532B6ADF}.Debug|iPhone.Build.0 = Debug|Any CPU
		{C4A93976-EA70-4C39-BE9D-3221532B6ADF}.Debug|iPhoneSimulator.ActiveCfg = Debug|Any CPU
		{C4A93976-EA70-4C39-BE9D-3221532B6ADF}.Debug|iPhoneSimulator.Build.0 = Debug|Any CPU
		{C4A93976-EA70-4C39-BE9D-3221532B6ADF}.Debug|x64.ActiveCfg = Debug|Any CPU
		{C4A93976-EA70-4C39-BE9D-3221532B6ADF}.Debug|x64.Build.0 = Debug|Any CPU
		{C4A93976-EA70-4C39-BE9D-3221532B6ADF}.Debug|x86.ActiveCfg = Debug|Any CPU
		{C4A93976-EA70-4C39-BE9D-3221532B6ADF}.Debug|x86.Build.0 = Debug|Any CPU
		{C4A93976-EA70-4C39-BE9D-3221532B6ADF}.Release|Any CPU.ActiveCfg = Release|Any CPU
		{C4A93976-EA70-4C39-BE9D-3221532B6ADF}.Release|Any CPU.Build.0 = Release|Any CPU
		{C4A93976-EA70-4C39-BE9D-3221532B6ADF}.Release|ARM.ActiveCfg = Release|Any CPU
		{C4A93976-EA70-4C39-BE9D-3221532B6ADF}.Release|ARM.Build.0 = Release|Any CPU
		{C4A93976-EA70-4C39-BE9D-3221532B6ADF}.Release|iPhone.ActiveCfg = Release|Any CPU
		{C4A93976-EA70-4C39-BE9D-3221532B6ADF}.Release|iPhone.Build.0 = Release|Any CPU
		{C4A93976-EA70-4C39-BE9D-3221532B6ADF}.Release|iPhoneSimulator.ActiveCfg = Release|Any CPU
		{C4A93976-EA70-4C39-BE9D-3221532B6ADF}.Release|iPhoneSimulator.Build.0 = Release|Any CPU
		{C4A93976-EA70-4C39-BE9D-3221532B6ADF}.Release|x64.ActiveCfg = Release|Any CPU
		{C4A93976-EA70-4C39-BE9D-3221532B6ADF}.Release|x64.Build.0 = Release|Any CPU
		{C4A93976-EA70-4C39-BE9D-3221532B6ADF}.Release|x86.ActiveCfg = Release|Any CPU
		{C4A93976-EA70-4C39-BE9D-3221532B6ADF}.Release|x86.Build.0 = Release|Any CPU
		{A03DC8DD-E68B-418A-ACA0-E04B0C23B074}.Ad-Hoc|Any CPU.ActiveCfg = Release|Any CPU
		{A03DC8DD-E68B-418A-ACA0-E04B0C23B074}.Ad-Hoc|Any CPU.Build.0 = Release|Any CPU
		{A03DC8DD-E68B-418A-ACA0-E04B0C23B074}.Ad-Hoc|Any CPU.Deploy.0 = Release|Any CPU
		{A03DC8DD-E68B-418A-ACA0-E04B0C23B074}.Ad-Hoc|ARM.ActiveCfg = Release|Any CPU
		{A03DC8DD-E68B-418A-ACA0-E04B0C23B074}.Ad-Hoc|ARM.Build.0 = Release|Any CPU
		{A03DC8DD-E68B-418A-ACA0-E04B0C23B074}.Ad-Hoc|ARM.Deploy.0 = Release|Any CPU
		{A03DC8DD-E68B-418A-ACA0-E04B0C23B074}.Ad-Hoc|iPhone.ActiveCfg = Release|Any CPU
		{A03DC8DD-E68B-418A-ACA0-E04B0C23B074}.Ad-Hoc|iPhone.Build.0 = Release|Any CPU
		{A03DC8DD-E68B-418A-ACA0-E04B0C23B074}.Ad-Hoc|iPhone.Deploy.0 = Release|Any CPU
		{A03DC8DD-E68B-418A-ACA0-E04B0C23B074}.Ad-Hoc|iPhoneSimulator.ActiveCfg = Release|Any CPU
		{A03DC8DD-E68B-418A-ACA0-E04B0C23B074}.Ad-Hoc|iPhoneSimulator.Build.0 = Release|Any CPU
		{A03DC8DD-E68B-418A-ACA0-E04B0C23B074}.Ad-Hoc|iPhoneSimulator.Deploy.0 = Release|Any CPU
		{A03DC8DD-E68B-418A-ACA0-E04B0C23B074}.Ad-Hoc|x64.ActiveCfg = Release|Any CPU
		{A03DC8DD-E68B-418A-ACA0-E04B0C23B074}.Ad-Hoc|x64.Build.0 = Release|Any CPU
		{A03DC8DD-E68B-418A-ACA0-E04B0C23B074}.Ad-Hoc|x64.Deploy.0 = Release|Any CPU
		{A03DC8DD-E68B-418A-ACA0-E04B0C23B074}.Ad-Hoc|x86.ActiveCfg = Release|Any CPU
		{A03DC8DD-E68B-418A-ACA0-E04B0C23B074}.Ad-Hoc|x86.Build.0 = Release|Any CPU
		{A03DC8DD-E68B-418A-ACA0-E04B0C23B074}.Ad-Hoc|x86.Deploy.0 = Release|Any CPU
		{A03DC8DD-E68B-418A-ACA0-E04B0C23B074}.AppStore|Any CPU.ActiveCfg = Release|Any CPU
		{A03DC8DD-E68B-418A-ACA0-E04B0C23B074}.AppStore|Any CPU.Build.0 = Release|Any CPU
		{A03DC8DD-E68B-418A-ACA0-E04B0C23B074}.AppStore|Any CPU.Deploy.0 = Release|Any CPU
		{A03DC8DD-E68B-418A-ACA0-E04B0C23B074}.AppStore|ARM.ActiveCfg = Release|Any CPU
		{A03DC8DD-E68B-418A-ACA0-E04B0C23B074}.AppStore|ARM.Build.0 = Release|Any CPU
		{A03DC8DD-E68B-418A-ACA0-E04B0C23B074}.AppStore|ARM.Deploy.0 = Release|Any CPU
		{A03DC8DD-E68B-418A-ACA0-E04B0C23B074}.AppStore|iPhone.ActiveCfg = Release|Any CPU
		{A03DC8DD-E68B-418A-ACA0-E04B0C23B074}.AppStore|iPhone.Build.0 = Release|Any CPU
		{A03DC8DD-E68B-418A-ACA0-E04B0C23B074}.AppStore|iPhone.Deploy.0 = Release|Any CPU
		{A03DC8DD-E68B-418A-ACA0-E04B0C23B074}.AppStore|iPhoneSimulator.ActiveCfg = Release|Any CPU
		{A03DC8DD-E68B-418A-ACA0-E04B0C23B074}.AppStore|iPhoneSimulator.Build.0 = Release|Any CPU
		{A03DC8DD-E68B-418A-ACA0-E04B0C23B074}.AppStore|iPhoneSimulator.Deploy.0 = Release|Any CPU
		{A03DC8DD-E68B-418A-ACA0-E04B0C23B074}.AppStore|x64.ActiveCfg = Release|Any CPU
		{A03DC8DD-E68B-418A-ACA0-E04B0C23B074}.AppStore|x64.Build.0 = Release|Any CPU
		{A03DC8DD-E68B-418A-ACA0-E04B0C23B074}.AppStore|x64.Deploy.0 = Release|Any CPU
		{A03DC8DD-E68B-418A-ACA0-E04B0C23B074}.AppStore|x86.ActiveCfg = Release|Any CPU
		{A03DC8DD-E68B-418A-ACA0-E04B0C23B074}.AppStore|x86.Build.0 = Release|Any CPU
		{A03DC8DD-E68B-418A-ACA0-E04B0C23B074}.AppStore|x86.Deploy.0 = Release|Any CPU
		{A03DC8DD-E68B-418A-ACA0-E04B0C23B074}.Debug|Any CPU.ActiveCfg = Debug|Any CPU
		{A03DC8DD-E68B-418A-ACA0-E04B0C23B074}.Debug|Any CPU.Build.0 = Debug|Any CPU
		{A03DC8DD-E68B-418A-ACA0-E04B0C23B074}.Debug|Any CPU.Deploy.0 = Debug|Any CPU
		{A03DC8DD-E68B-418A-ACA0-E04B0C23B074}.Debug|ARM.ActiveCfg = Debug|Any CPU
		{A03DC8DD-E68B-418A-ACA0-E04B0C23B074}.Debug|ARM.Build.0 = Debug|Any CPU
		{A03DC8DD-E68B-418A-ACA0-E04B0C23B074}.Debug|ARM.Deploy.0 = Debug|Any CPU
		{A03DC8DD-E68B-418A-ACA0-E04B0C23B074}.Debug|iPhone.ActiveCfg = Debug|Any CPU
		{A03DC8DD-E68B-418A-ACA0-E04B0C23B074}.Debug|iPhone.Build.0 = Debug|Any CPU
		{A03DC8DD-E68B-418A-ACA0-E04B0C23B074}.Debug|iPhone.Deploy.0 = Debug|Any CPU
		{A03DC8DD-E68B-418A-ACA0-E04B0C23B074}.Debug|iPhoneSimulator.ActiveCfg = Debug|Any CPU
		{A03DC8DD-E68B-418A-ACA0-E04B0C23B074}.Debug|iPhoneSimulator.Build.0 = Debug|Any CPU
		{A03DC8DD-E68B-418A-ACA0-E04B0C23B074}.Debug|iPhoneSimulator.Deploy.0 = Debug|Any CPU
		{A03DC8DD-E68B-418A-ACA0-E04B0C23B074}.Debug|x64.ActiveCfg = Debug|Any CPU
		{A03DC8DD-E68B-418A-ACA0-E04B0C23B074}.Debug|x64.Build.0 = Debug|Any CPU
		{A03DC8DD-E68B-418A-ACA0-E04B0C23B074}.Debug|x64.Deploy.0 = Debug|Any CPU
		{A03DC8DD-E68B-418A-ACA0-E04B0C23B074}.Debug|x86.ActiveCfg = Debug|Any CPU
		{A03DC8DD-E68B-418A-ACA0-E04B0C23B074}.Debug|x86.Build.0 = Debug|Any CPU
		{A03DC8DD-E68B-418A-ACA0-E04B0C23B074}.Debug|x86.Deploy.0 = Debug|Any CPU
		{A03DC8DD-E68B-418A-ACA0-E04B0C23B074}.Release|Any CPU.ActiveCfg = Release|Any CPU
		{A03DC8DD-E68B-418A-ACA0-E04B0C23B074}.Release|Any CPU.Build.0 = Release|Any CPU
		{A03DC8DD-E68B-418A-ACA0-E04B0C23B074}.Release|Any CPU.Deploy.0 = Release|Any CPU
		{A03DC8DD-E68B-418A-ACA0-E04B0C23B074}.Release|ARM.ActiveCfg = Release|Any CPU
		{A03DC8DD-E68B-418A-ACA0-E04B0C23B074}.Release|ARM.Build.0 = Release|Any CPU
		{A03DC8DD-E68B-418A-ACA0-E04B0C23B074}.Release|ARM.Deploy.0 = Release|Any CPU
		{A03DC8DD-E68B-418A-ACA0-E04B0C23B074}.Release|iPhone.ActiveCfg = Release|Any CPU
		{A03DC8DD-E68B-418A-ACA0-E04B0C23B074}.Release|iPhone.Build.0 = Release|Any CPU
		{A03DC8DD-E68B-418A-ACA0-E04B0C23B074}.Release|iPhone.Deploy.0 = Release|Any CPU
		{A03DC8DD-E68B-418A-ACA0-E04B0C23B074}.Release|iPhoneSimulator.ActiveCfg = Release|Any CPU
		{A03DC8DD-E68B-418A-ACA0-E04B0C23B074}.Release|iPhoneSimulator.Build.0 = Release|Any CPU
		{A03DC8DD-E68B-418A-ACA0-E04B0C23B074}.Release|iPhoneSimulator.Deploy.0 = Release|Any CPU
		{A03DC8DD-E68B-418A-ACA0-E04B0C23B074}.Release|x64.ActiveCfg = Release|Any CPU
		{A03DC8DD-E68B-418A-ACA0-E04B0C23B074}.Release|x64.Build.0 = Release|Any CPU
		{A03DC8DD-E68B-418A-ACA0-E04B0C23B074}.Release|x64.Deploy.0 = Release|Any CPU
		{A03DC8DD-E68B-418A-ACA0-E04B0C23B074}.Release|x86.ActiveCfg = Release|Any CPU
		{A03DC8DD-E68B-418A-ACA0-E04B0C23B074}.Release|x86.Build.0 = Release|Any CPU
		{A03DC8DD-E68B-418A-ACA0-E04B0C23B074}.Release|x86.Deploy.0 = Release|Any CPU
		{15B7EDE2-ED88-408A-9BF1-856D648E1190}.Ad-Hoc|Any CPU.ActiveCfg = Ad-Hoc|iPhone
		{15B7EDE2-ED88-408A-9BF1-856D648E1190}.Ad-Hoc|ARM.ActiveCfg = Ad-Hoc|iPhone
		{15B7EDE2-ED88-408A-9BF1-856D648E1190}.Ad-Hoc|iPhone.ActiveCfg = Ad-Hoc|iPhone
		{15B7EDE2-ED88-408A-9BF1-856D648E1190}.Ad-Hoc|iPhone.Build.0 = Ad-Hoc|iPhone
		{15B7EDE2-ED88-408A-9BF1-856D648E1190}.Ad-Hoc|iPhoneSimulator.ActiveCfg = Ad-Hoc|iPhoneSimulator
		{15B7EDE2-ED88-408A-9BF1-856D648E1190}.Ad-Hoc|iPhoneSimulator.Build.0 = Ad-Hoc|iPhoneSimulator
		{15B7EDE2-ED88-408A-9BF1-856D648E1190}.Ad-Hoc|x64.ActiveCfg = Ad-Hoc|iPhone
		{15B7EDE2-ED88-408A-9BF1-856D648E1190}.Ad-Hoc|x86.ActiveCfg = Ad-Hoc|iPhone
		{15B7EDE2-ED88-408A-9BF1-856D648E1190}.AppStore|Any CPU.ActiveCfg = AppStore|iPhone
		{15B7EDE2-ED88-408A-9BF1-856D648E1190}.AppStore|ARM.ActiveCfg = AppStore|iPhone
		{15B7EDE2-ED88-408A-9BF1-856D648E1190}.AppStore|iPhone.ActiveCfg = AppStore|iPhone
		{15B7EDE2-ED88-408A-9BF1-856D648E1190}.AppStore|iPhone.Build.0 = AppStore|iPhone
		{15B7EDE2-ED88-408A-9BF1-856D648E1190}.AppStore|iPhoneSimulator.ActiveCfg = AppStore|iPhoneSimulator
		{15B7EDE2-ED88-408A-9BF1-856D648E1190}.AppStore|iPhoneSimulator.Build.0 = AppStore|iPhoneSimulator
		{15B7EDE2-ED88-408A-9BF1-856D648E1190}.AppStore|x64.ActiveCfg = AppStore|iPhone
		{15B7EDE2-ED88-408A-9BF1-856D648E1190}.AppStore|x86.ActiveCfg = AppStore|iPhone
		{15B7EDE2-ED88-408A-9BF1-856D648E1190}.Debug|Any CPU.ActiveCfg = Debug|iPhone
		{15B7EDE2-ED88-408A-9BF1-856D648E1190}.Debug|ARM.ActiveCfg = Debug|iPhone
		{15B7EDE2-ED88-408A-9BF1-856D648E1190}.Debug|iPhone.ActiveCfg = Debug|iPhone
		{15B7EDE2-ED88-408A-9BF1-856D648E1190}.Debug|iPhone.Build.0 = Debug|iPhone
		{15B7EDE2-ED88-408A-9BF1-856D648E1190}.Debug|iPhoneSimulator.ActiveCfg = Debug|iPhoneSimulator
		{15B7EDE2-ED88-408A-9BF1-856D648E1190}.Debug|iPhoneSimulator.Build.0 = Debug|iPhoneSimulator
		{15B7EDE2-ED88-408A-9BF1-856D648E1190}.Debug|x64.ActiveCfg = Debug|iPhone
		{15B7EDE2-ED88-408A-9BF1-856D648E1190}.Debug|x86.ActiveCfg = Debug|iPhone
		{15B7EDE2-ED88-408A-9BF1-856D648E1190}.Release|Any CPU.ActiveCfg = Release|iPhone
		{15B7EDE2-ED88-408A-9BF1-856D648E1190}.Release|ARM.ActiveCfg = Release|iPhone
		{15B7EDE2-ED88-408A-9BF1-856D648E1190}.Release|iPhone.ActiveCfg = Release|iPhone
		{15B7EDE2-ED88-408A-9BF1-856D648E1190}.Release|iPhone.Build.0 = Release|iPhone
		{15B7EDE2-ED88-408A-9BF1-856D648E1190}.Release|iPhoneSimulator.ActiveCfg = Release|iPhoneSimulator
		{15B7EDE2-ED88-408A-9BF1-856D648E1190}.Release|iPhoneSimulator.Build.0 = Release|iPhoneSimulator
		{15B7EDE2-ED88-408A-9BF1-856D648E1190}.Release|x64.ActiveCfg = Release|iPhone
		{15B7EDE2-ED88-408A-9BF1-856D648E1190}.Release|x86.ActiveCfg = Release|iPhone
		{FEAF3C8D-CA4C-4FD2-8225-43DC93445AB1}.Ad-Hoc|Any CPU.ActiveCfg = Release|Any CPU
		{FEAF3C8D-CA4C-4FD2-8225-43DC93445AB1}.Ad-Hoc|Any CPU.Build.0 = Release|Any CPU
		{FEAF3C8D-CA4C-4FD2-8225-43DC93445AB1}.Ad-Hoc|Any CPU.Deploy.0 = Release|Any CPU
		{FEAF3C8D-CA4C-4FD2-8225-43DC93445AB1}.Ad-Hoc|ARM.ActiveCfg = Release|Any CPU
		{FEAF3C8D-CA4C-4FD2-8225-43DC93445AB1}.Ad-Hoc|ARM.Build.0 = Release|Any CPU
		{FEAF3C8D-CA4C-4FD2-8225-43DC93445AB1}.Ad-Hoc|ARM.Deploy.0 = Release|Any CPU
		{FEAF3C8D-CA4C-4FD2-8225-43DC93445AB1}.Ad-Hoc|iPhone.ActiveCfg = Release|Any CPU
		{FEAF3C8D-CA4C-4FD2-8225-43DC93445AB1}.Ad-Hoc|iPhone.Build.0 = Release|Any CPU
		{FEAF3C8D-CA4C-4FD2-8225-43DC93445AB1}.Ad-Hoc|iPhone.Deploy.0 = Release|Any CPU
		{FEAF3C8D-CA4C-4FD2-8225-43DC93445AB1}.Ad-Hoc|iPhoneSimulator.ActiveCfg = Release|Any CPU
		{FEAF3C8D-CA4C-4FD2-8225-43DC93445AB1}.Ad-Hoc|iPhoneSimulator.Build.0 = Release|Any CPU
		{FEAF3C8D-CA4C-4FD2-8225-43DC93445AB1}.Ad-Hoc|iPhoneSimulator.Deploy.0 = Release|Any CPU
		{FEAF3C8D-CA4C-4FD2-8225-43DC93445AB1}.Ad-Hoc|x64.ActiveCfg = Release|Any CPU
		{FEAF3C8D-CA4C-4FD2-8225-43DC93445AB1}.Ad-Hoc|x64.Build.0 = Release|Any CPU
		{FEAF3C8D-CA4C-4FD2-8225-43DC93445AB1}.Ad-Hoc|x64.Deploy.0 = Release|Any CPU
		{FEAF3C8D-CA4C-4FD2-8225-43DC93445AB1}.Ad-Hoc|x86.ActiveCfg = Release|Any CPU
		{FEAF3C8D-CA4C-4FD2-8225-43DC93445AB1}.Ad-Hoc|x86.Build.0 = Release|Any CPU
		{FEAF3C8D-CA4C-4FD2-8225-43DC93445AB1}.Ad-Hoc|x86.Deploy.0 = Release|Any CPU
		{FEAF3C8D-CA4C-4FD2-8225-43DC93445AB1}.AppStore|Any CPU.ActiveCfg = Release|Any CPU
		{FEAF3C8D-CA4C-4FD2-8225-43DC93445AB1}.AppStore|Any CPU.Build.0 = Release|Any CPU
		{FEAF3C8D-CA4C-4FD2-8225-43DC93445AB1}.AppStore|Any CPU.Deploy.0 = Release|Any CPU
		{FEAF3C8D-CA4C-4FD2-8225-43DC93445AB1}.AppStore|ARM.ActiveCfg = Release|Any CPU
		{FEAF3C8D-CA4C-4FD2-8225-43DC93445AB1}.AppStore|ARM.Build.0 = Release|Any CPU
		{FEAF3C8D-CA4C-4FD2-8225-43DC93445AB1}.AppStore|ARM.Deploy.0 = Release|Any CPU
		{FEAF3C8D-CA4C-4FD2-8225-43DC93445AB1}.AppStore|iPhone.ActiveCfg = Release|Any CPU
		{FEAF3C8D-CA4C-4FD2-8225-43DC93445AB1}.AppStore|iPhone.Build.0 = Release|Any CPU
		{FEAF3C8D-CA4C-4FD2-8225-43DC93445AB1}.AppStore|iPhone.Deploy.0 = Release|Any CPU
		{FEAF3C8D-CA4C-4FD2-8225-43DC93445AB1}.AppStore|iPhoneSimulator.ActiveCfg = Release|Any CPU
		{FEAF3C8D-CA4C-4FD2-8225-43DC93445AB1}.AppStore|iPhoneSimulator.Build.0 = Release|Any CPU
		{FEAF3C8D-CA4C-4FD2-8225-43DC93445AB1}.AppStore|iPhoneSimulator.Deploy.0 = Release|Any CPU
		{FEAF3C8D-CA4C-4FD2-8225-43DC93445AB1}.AppStore|x64.ActiveCfg = Release|Any CPU
		{FEAF3C8D-CA4C-4FD2-8225-43DC93445AB1}.AppStore|x64.Build.0 = Release|Any CPU
		{FEAF3C8D-CA4C-4FD2-8225-43DC93445AB1}.AppStore|x64.Deploy.0 = Release|Any CPU
		{FEAF3C8D-CA4C-4FD2-8225-43DC93445AB1}.AppStore|x86.ActiveCfg = Release|Any CPU
		{FEAF3C8D-CA4C-4FD2-8225-43DC93445AB1}.AppStore|x86.Build.0 = Release|Any CPU
		{FEAF3C8D-CA4C-4FD2-8225-43DC93445AB1}.AppStore|x86.Deploy.0 = Release|Any CPU
		{FEAF3C8D-CA4C-4FD2-8225-43DC93445AB1}.Debug|Any CPU.ActiveCfg = Debug|Any CPU
		{FEAF3C8D-CA4C-4FD2-8225-43DC93445AB1}.Debug|Any CPU.Build.0 = Debug|Any CPU
		{FEAF3C8D-CA4C-4FD2-8225-43DC93445AB1}.Debug|Any CPU.Deploy.0 = Debug|Any CPU
		{FEAF3C8D-CA4C-4FD2-8225-43DC93445AB1}.Debug|ARM.ActiveCfg = Debug|Any CPU
		{FEAF3C8D-CA4C-4FD2-8225-43DC93445AB1}.Debug|ARM.Build.0 = Debug|Any CPU
		{FEAF3C8D-CA4C-4FD2-8225-43DC93445AB1}.Debug|ARM.Deploy.0 = Debug|Any CPU
		{FEAF3C8D-CA4C-4FD2-8225-43DC93445AB1}.Debug|iPhone.ActiveCfg = Debug|Any CPU
		{FEAF3C8D-CA4C-4FD2-8225-43DC93445AB1}.Debug|iPhone.Build.0 = Debug|Any CPU
		{FEAF3C8D-CA4C-4FD2-8225-43DC93445AB1}.Debug|iPhone.Deploy.0 = Debug|Any CPU
		{FEAF3C8D-CA4C-4FD2-8225-43DC93445AB1}.Debug|iPhoneSimulator.ActiveCfg = Debug|Any CPU
		{FEAF3C8D-CA4C-4FD2-8225-43DC93445AB1}.Debug|iPhoneSimulator.Build.0 = Debug|Any CPU
		{FEAF3C8D-CA4C-4FD2-8225-43DC93445AB1}.Debug|iPhoneSimulator.Deploy.0 = Debug|Any CPU
		{FEAF3C8D-CA4C-4FD2-8225-43DC93445AB1}.Debug|x64.ActiveCfg = Debug|Any CPU
		{FEAF3C8D-CA4C-4FD2-8225-43DC93445AB1}.Debug|x64.Build.0 = Debug|Any CPU
		{FEAF3C8D-CA4C-4FD2-8225-43DC93445AB1}.Debug|x64.Deploy.0 = Debug|Any CPU
		{FEAF3C8D-CA4C-4FD2-8225-43DC93445AB1}.Debug|x86.ActiveCfg = Debug|Any CPU
		{FEAF3C8D-CA4C-4FD2-8225-43DC93445AB1}.Debug|x86.Build.0 = Debug|Any CPU
		{FEAF3C8D-CA4C-4FD2-8225-43DC93445AB1}.Debug|x86.Deploy.0 = Debug|Any CPU
		{FEAF3C8D-CA4C-4FD2-8225-43DC93445AB1}.Release|Any CPU.ActiveCfg = Release|Any CPU
		{FEAF3C8D-CA4C-4FD2-8225-43DC93445AB1}.Release|Any CPU.Build.0 = Release|Any CPU
		{FEAF3C8D-CA4C-4FD2-8225-43DC93445AB1}.Release|Any CPU.Deploy.0 = Release|Any CPU
		{FEAF3C8D-CA4C-4FD2-8225-43DC93445AB1}.Release|ARM.ActiveCfg = Release|Any CPU
		{FEAF3C8D-CA4C-4FD2-8225-43DC93445AB1}.Release|ARM.Build.0 = Release|Any CPU
		{FEAF3C8D-CA4C-4FD2-8225-43DC93445AB1}.Release|ARM.Deploy.0 = Release|Any CPU
		{FEAF3C8D-CA4C-4FD2-8225-43DC93445AB1}.Release|iPhone.ActiveCfg = Release|Any CPU
		{FEAF3C8D-CA4C-4FD2-8225-43DC93445AB1}.Release|iPhone.Build.0 = Release|Any CPU
		{FEAF3C8D-CA4C-4FD2-8225-43DC93445AB1}.Release|iPhone.Deploy.0 = Release|Any CPU
		{FEAF3C8D-CA4C-4FD2-8225-43DC93445AB1}.Release|iPhoneSimulator.ActiveCfg = Release|Any CPU
		{FEAF3C8D-CA4C-4FD2-8225-43DC93445AB1}.Release|iPhoneSimulator.Build.0 = Release|Any CPU
		{FEAF3C8D-CA4C-4FD2-8225-43DC93445AB1}.Release|iPhoneSimulator.Deploy.0 = Release|Any CPU
		{FEAF3C8D-CA4C-4FD2-8225-43DC93445AB1}.Release|x64.ActiveCfg = Release|Any CPU
		{FEAF3C8D-CA4C-4FD2-8225-43DC93445AB1}.Release|x64.Build.0 = Release|Any CPU
		{FEAF3C8D-CA4C-4FD2-8225-43DC93445AB1}.Release|x64.Deploy.0 = Release|Any CPU
		{FEAF3C8D-CA4C-4FD2-8225-43DC93445AB1}.Release|x86.ActiveCfg = Release|Any CPU
		{FEAF3C8D-CA4C-4FD2-8225-43DC93445AB1}.Release|x86.Build.0 = Release|Any CPU
		{FEAF3C8D-CA4C-4FD2-8225-43DC93445AB1}.Release|x86.Deploy.0 = Release|Any CPU
	EndGlobalSection
	GlobalSection(SolutionProperties) = preSolution
		HideSolutionNode = FALSE
	EndGlobalSection
EndGlobal
